
Microsoft Visual Studio Solution File, Format Version 12.00
# Visual Studio Version 16
VisualStudioVersion = 16.0.30717.126
MinimumVisualStudioVersion = 10.0.40219.1
Project("{FAE04EC0-301F-11D3-BF4B-00C04F79EFBC}") = "MyWebApi", "MyWebApi\MyWebApi.csproj", "{DBD72A76-CFC4-4DAE-BA19-B9FBE8CAE989}"
EndProject
Global
	GlobalSection(SolutionConfigurationPlatforms) = preSolution
		Debug|Any CPU = Debug|Any CPU
		Release|Any CPU = Release|Any CPU
	EndGlobalSection
	GlobalSection(ProjectConfigurationPlatforms) = postSolution
		{DBD72A76-CFC4-4DAE-BA19-B9FBE8CAE989}.Debug|Any CPU.ActiveCfg = Debug|Any CPU
		{DBD72A76-CFC4-4DAE-BA19-B9FBE8CAE989}.Debug|Any CPU.Build.0 = Debug|Any CPU
		{DBD72A76-CFC4-4DAE-BA19-B9FBE8CAE989}.Release|Any CPU.ActiveCfg = Release|Any CPU
		{DBD72A76-CFC4-4DAE-BA19-B9FBE8CAE989}.Release|Any CPU.Build.0 = Release|Any CPU
	EndGlobalSection
	GlobalSection(SolutionProperties) = preSolution
		HideSolutionNode = FALSE
	EndGlobalSection
	GlobalSection(ExtensibilityGlobals) = postSolution
		SolutionGuid = {80D97FF6-3784-47CA-9E3F-C279D978B87E}
	EndGlobalSection
EndGlobal
